// !$*UTF8*$!
{
	archiveVersion = 1;
	classes = {
	};
	objectVersion = 77;
	objects = {

/* Begin PBXContainerItemProxy section */
		8F5B407E2CACD6F70045DC5F /* PBXContainerItemProxy */ = {
			isa = PBXContainerItemProxy;
			containerPortal = 8F5B40642CACD6F40045DC5F /* Project object */;
			proxyType = 1;
			remoteGlobalIDString = 8F5B406B2CACD6F40045DC5F;
			remoteInfo = CarbonMonitor;
		};
		8F5B40882CACD6F70045DC5F /* PBXContainerItemProxy */ = {
			isa = PBXContainerItemProxy;
			containerPortal = 8F5B40642CACD6F40045DC5F /* Project object */;
			proxyType = 1;
			remoteGlobalIDString = 8F5B406B2CACD6F40045DC5F;
			remoteInfo = CarbonMonitor;
		};
/* End PBXContainerItemProxy section */

/* Begin PBXFileReference section */
		8F5B406C2CACD6F40045DC5F /* CarbonMonitor.app */ = {isa = PBXFileReference; explicitFileType = wrapper.application; includeInIndex = 0; path = CarbonMonitor.app; sourceTree = BUILT_PRODUCTS_DIR; };
		8F5B407D2CACD6F70045DC5F /* CarbonMonitorTests.xctest */ = {isa = PBXFileReference; explicitFileType = wrapper.cfbundle; includeInIndex = 0; path = CarbonMonitorTests.xctest; sourceTree = BUILT_PRODUCTS_DIR; };
		8F5B40872CACD6F70045DC5F /* CarbonMonitorUITests.xctest */ = {isa = PBXFileReference; explicitFileType = wrapper.cfbundle; includeInIndex = 0; path = CarbonMonitorUITests.xctest; sourceTree = BUILT_PRODUCTS_DIR; };
/* End PBXFileReference section */

/* Begin PBXFileSystemSynchronizedRootGroup section */
		8F5B406E2CACD6F40045DC5F /* CarbonMonitor */ = {
			isa = PBXFileSystemSynchronizedRootGroup;
			path = CarbonMonitor;
			sourceTree = "<group>";
		};
		8F5B40802CACD6F70045DC5F /* CarbonMonitorTests */ = {
			isa = PBXFileSystemSynchronizedRootGroup;
			path = CarbonMonitorTests;
			sourceTree = "<group>";
		};
		8F5B408A2CACD6F70045DC5F /* CarbonMonitorUITests */ = {
			isa = PBXFileSystemSynchronizedRootGroup;
			path = CarbonMonitorUITests;
			sourceTree = "<group>";
		};
/* End PBXFileSystemSynchronizedRootGroup section */

/* Begin PBXFrameworksBuildPhase section */
		8F5B40692CACD6F40045DC5F /* Frameworks */ = {
			isa = PBXFrameworksBuildPhase;
			buildActionMask = 2147483647;
			files = (
			);
			runOnlyForDeploymentPostprocessing = 0;
		};
		8F5B407A2CACD6F70045DC5F /* Frameworks */ = {
			isa = PBXFrameworksBuildPhase;
			buildActionMask = 2147483647;
			files = (
			);
			runOnlyForDeploymentPostprocessing = 0;
		};
		8F5B40842CACD6F70045DC5F /* Frameworks */ = {
			isa = PBXFrameworksBuildPhase;
			buildActionMask = 2147483647;
			files = (
			);
			runOnlyForDeploymentPostprocessing = 0;
		};
/* End PBXFrameworksBuildPhase section */

/* Begin PBXGroup section */
		8F5B40632CACD6F40045DC5F = {
			isa = PBXGroup;
			children = (
				8F5B406E2CACD6F40045DC5F /* CarbonMonitor */,
				8F5B40802CACD6F70045DC5F /* CarbonMonitorTests */,
				8F5B408A2CACD6F70045DC5F /* CarbonMonitorUITests */,
				8F5B406D2CACD6F40045DC5F /* Products */,
			);
			sourceTree = "<group>";
		};
		8F5B406D2CACD6F40045DC5F /* Products */ = {
			isa = PBXGroup;
			children = (
				8F5B406C2CACD6F40045DC5F /* CarbonMonitor.app */,
				8F5B407D2CACD6F70045DC5F /* CarbonMonitorTests.xctest */,
				8F5B40872CACD6F70045DC5F /* CarbonMonitorUITests.xctest */,
			);
			name = Products;
			sourceTree = "<group>";
		};
/* End PBXGroup section */

/* Begin PBXNativeTarget section */
		8F5B406B2CACD6F40045DC5F /* CarbonMonitor */ = {
			isa = PBXNativeTarget;
			buildConfigurationList = 8F5B40912CACD6F70045DC5F /* Build configuration list for PBXNativeTarget "CarbonMonitor" */;
			buildPhases = (
				8F5B40682CACD6F40045DC5F /* Sources */,
				8F5B40692CACD6F40045DC5F /* Frameworks */,
				8F5B406A2CACD6F40045DC5F /* Resources */,
			);
			buildRules = (
			);
			dependencies = (
			);
			fileSystemSynchronizedGroups = (
				8F5B406E2CACD6F40045DC5F /* CarbonMonitor */,
			);
			name = CarbonMonitor;
			packageProductDependencies = (
			);
			productName = CarbonMonitor;
			productReference = 8F5B406C2CACD6F40045DC5F /* CarbonMonitor.app */;
			productType = "com.apple.product-type.application";
		};
		8F5B407C2CACD6F70045DC5F /* CarbonMonitorTests */ = {
			isa = PBXNativeTarget;
			buildConfigurationList = 8F5B40942CACD6F70045DC5F /* Build configuration list for PBXNativeTarget "CarbonMonitorTests" */;
			buildPhases = (
				8F5B40792CACD6F70045DC5F /* Sources */,
				8F5B407A2CACD6F70045DC5F /* Frameworks */,
				8F5B407B2CACD6F70045DC5F /* Resources */,
			);
			buildRules = (
			);
			dependencies = (
				8F5B407F2CACD6F70045DC5F /* PBXTargetDependency */,
			);
			fileSystemSynchronizedGroups = (
				8F5B40802CACD6F70045DC5F /* CarbonMonitorTests */,
			);
			name = CarbonMonitorTests;
			packageProductDependencies = (
			);
			productName = CarbonMonitorTests;
			productReference = 8F5B407D2CACD6F70045DC5F /* CarbonMonitorTests.xctest */;
			productType = "com.apple.product-type.bundle.unit-test";
		};
		8F5B40862CACD6F70045DC5F /* CarbonMonitorUITests */ = {
			isa = PBXNativeTarget;
			buildConfigurationList = 8F5B40972CACD6F70045DC5F /* Build configuration list for PBXNativeTarget "CarbonMonitorUITests" */;
			buildPhases = (
				8F5B40832CACD6F70045DC5F /* Sources */,
				8F5B40842CACD6F70045DC5F /* Frameworks */,
				8F5B40852CACD6F70045DC5F /* Resources */,
			);
			buildRules = (
			);
			dependencies = (
				8F5B40892CACD6F70045DC5F /* PBXTargetDependency */,
			);
			fileSystemSynchronizedGroups = (
				8F5B408A2CACD6F70045DC5F /* CarbonMonitorUITests */,
			);
			name = CarbonMonitorUITests;
			packageProductDependencies = (
			);
			productName = CarbonMonitorUITests;
			productReference = 8F5B40872CACD6F70045DC5F /* CarbonMonitorUITests.xctest */;
			productType = "com.apple.product-type.bundle.ui-testing";
		};
/* End PBXNativeTarget section */

/* Begin PBXProject section */
		8F5B40642CACD6F40045DC5F /* Project object */ = {
			isa = PBXProject;
			attributes = {
				BuildIndependentTargetsInParallel = 1;
				LastSwiftUpdateCheck = 1600;
				LastUpgradeCheck = 1600;
				TargetAttributes = {
					8F5B406B2CACD6F40045DC5F = {
						CreatedOnToolsVersion = 16.0;
					};
					8F5B407C2CACD6F70045DC5F = {
						CreatedOnToolsVersion = 16.0;
						TestTargetID = 8F5B406B2CACD6F40045DC5F;
					};
					8F5B40862CACD6F70045DC5F = {
						CreatedOnToolsVersion = 16.0;
						TestTargetID = 8F5B406B2CACD6F40045DC5F;
					};
				};
			};
			buildConfigurationList = 8F5B40672CACD6F40045DC5F /* Build configuration list for PBXProject "CarbonMonitor" */;
			developmentRegion = en;
			hasScannedForEncodings = 0;
			knownRegions = (
				en,
				Base,
			);
			mainGroup = 8F5B40632CACD6F40045DC5F;
			minimizedProjectReferenceProxies = 1;
			preferredProjectObjectVersion = 77;
			productRefGroup = 8F5B406D2CACD6F40045DC5F /* Products */;
			projectDirPath = "";
			projectRoot = "";
			targets = (
				8F5B406B2CACD6F40045DC5F /* CarbonMonitor */,
				8F5B407C2CACD6F70045DC5F /* CarbonMonitorTests */,
				8F5B40862CACD6F70045DC5F /* CarbonMonitorUITests */,
			);
		};
/* End PBXProject section */

/* Begin PBXResourcesBuildPhase section */
		8F5B406A2CACD6F40045DC5F /* Resources */ = {
			isa = PBXResourcesBuildPhase;
			buildActionMask = 2147483647;
			files = (
			);
			runOnlyForDeploymentPostprocessing = 0;
		};
		8F5B407B2CACD6F70045DC5F /* Resources */ = {
			isa = PBXResourcesBuildPhase;
			buildActionMask = 2147483647;
			files = (
			);
			runOnlyForDeploymentPostprocessing = 0;
		};
		8F5B40852CACD6F70045DC5F /* Resources */ = {
			isa = PBXResourcesBuildPhase;
			buildActionMask = 2147483647;
			files = (
			);
			runOnlyForDeploymentPostprocessing = 0;
		};
/* End PBXResourcesBuildPhase section */

/* Begin PBXSourcesBuildPhase section */
		8F5B40682CACD6F40045DC5F /* Sources */ = {
			isa = PBXSourcesBuildPhase;
			buildActionMask = 2147483647;
			files = (
			);
			runOnlyForDeploymentPostprocessing = 0;
		};
		8F5B40792CACD6F70045DC5F /* Sources */ = {
			isa = PBXSourcesBuildPhase;
			buildActionMask = 2147483647;
			files = (
			);
			runOnlyForDeploymentPostprocessing = 0;
		};
		8F5B40832CACD6F70045DC5F /* Sources */ = {
			isa = PBXSourcesBuildPhase;
			buildActionMask = 2147483647;
			files = (
			);
			runOnlyForDeploymentPostprocessing = 0;
		};
/* End PBXSourcesBuildPhase section */

/* Begin PBXTargetDependency section */
		8F5B407F2CACD6F70045DC5F /* PBXTargetDependency */ = {
			isa = PBXTargetDependency;
			target = 8F5B406B2CACD6F40045DC5F /* CarbonMonitor */;
			targetProxy = 8F5B407E2CACD6F70045DC5F /* PBXContainerItemProxy */;
		};
		8F5B40892CACD6F70045DC5F /* PBXTargetDependency */ = {
			isa = PBXTargetDependency;
			target = 8F5B406B2CACD6F40045DC5F /* CarbonMonitor */;
			targetProxy = 8F5B40882CACD6F70045DC5F /* PBXContainerItemProxy */;
		};
/* End PBXTargetDependency section */

/* Begin XCBuildConfiguration section */
		8F5B408F2CACD6F70045DC5F /* Debug */ = {
			isa = XCBuildConfiguration;
			buildSettings = {
				ALWAYS_SEARCH_USER_PATHS = NO;
				ASSETCATALOG_COMPILER_GENERATE_SWIFT_ASSET_SYMBOL_EXTENSIONS = YES;
				CLANG_ANALYZER_NONNULL = YES;
				CLANG_ANALYZER_NUMBER_OBJECT_CONVERSION = YES_AGGRESSIVE;
				CLANG_CXX_LANGUAGE_STANDARD = "gnu++20";
				CLANG_ENABLE_MODULES = YES;
				CLANG_ENABLE_OBJC_ARC = YES;
				CLANG_ENABLE_OBJC_WEAK = YES;
				CLANG_WARN_BLOCK_CAPTURE_AUTORELEASING = YES;
				CLANG_WARN_BOOL_CONVERSION = YES;
				CLANG_WARN_COMMA = YES;
				CLANG_WARN_CONSTANT_CONVERSION = YES;
				CLANG_WARN_DEPRECATED_OBJC_IMPLEMENTATIONS = YES;
				CLANG_WARN_DIRECT_OBJC_ISA_USAGE = YES_ERROR;
				CLANG_WARN_DOCUMENTATION_COMMENTS = YES;
				CLANG_WARN_EMPTY_BODY = YES;
				CLANG_WARN_ENUM_CONVERSION = YES;
				CLANG_WARN_INFINITE_RECURSION = YES;
				CLANG_WARN_INT_CONVERSION = YES;
				CLANG_WARN_NON_LITERAL_NULL_CONVERSION = YES;
				CLANG_WARN_OBJC_IMPLICIT_RETAIN_SELF = YES;
				CLANG_WARN_OBJC_LITERAL_CONVERSION = YES;
				CLANG_WARN_OBJC_ROOT_CLASS = YES_ERROR;
				CLANG_WARN_QUOTED_INCLUDE_IN_FRAMEWORK_HEADER = YES;
				CLANG_WARN_RANGE_LOOP_ANALYSIS = YES;
				CLANG_WARN_STRICT_PROTOTYPES = YES;
				CLANG_WARN_SUSPICIOUS_MOVE = YES;
				CLANG_WARN_UNGUARDED_AVAILABILITY = YES_AGGRESSIVE;
				CLANG_WARN_UNREACHABLE_CODE = YES;
				CLANG_WARN__DUPLICATE_METHOD_MATCH = YES;
				COPY_PHASE_STRIP = NO;
				DEBUG_INFORMATION_FORMAT = dwarf;
				ENABLE_STRICT_OBJC_MSGSEND = YES;
				ENABLE_TESTABILITY = YES;
				ENABLE_USER_SCRIPT_SANDBOXING = YES;
				GCC_C_LANGUAGE_STANDARD = gnu17;
				GCC_DYNAMIC_NO_PIC = NO;
				GCC_NO_COMMON_BLOCKS = YES;
				GCC_OPTIMIZATION_LEVEL = 0;
				GCC_PREPROCESSOR_DEFINITIONS = (
					"DEBUG=1",
					"$(inherited)",
				);
				GCC_WARN_64_TO_32_BIT_CONVERSION = YES;
				GCC_WARN_ABOUT_RETURN_TYPE = YES_ERROR;
				GCC_WARN_UNDECLARED_SELECTOR = YES;
				GCC_WARN_UNINITIALIZED_AUTOS = YES_AGGRESSIVE;
				GCC_WARN_UNUSED_FUNCTION = YES;
				GCC_WARN_UNUSED_VARIABLE = YES;
				LOCALIZATION_PREFERS_STRING_CATALOGS = YES;
				MACOSX_DEPLOYMENT_TARGET = 15.0;
				MTL_ENABLE_DEBUG_INFO = INCLUDE_SOURCE;
				MTL_FAST_MATH = YES;
				ONLY_ACTIVE_ARCH = YES;
				SDKROOT = macosx;
				SWIFT_ACTIVE_COMPILATION_CONDITIONS = "DEBUG $(inherited)";
				SWIFT_OPTIMIZATION_LEVEL = "-Onone";
			};
			name = Debug;
		};
		8F5B40902CACD6F70045DC5F /* Release */ = {
			isa = XCBuildConfiguration;
			buildSettings = {
				ALWAYS_SEARCH_USER_PATHS = NO;
				ASSETCATALOG_COMPILER_GENERATE_SWIFT_ASSET_SYMBOL_EXTENSIONS = YES;
				CLANG_ANALYZER_NONNULL = YES;
				CLANG_ANALYZER_NUMBER_OBJECT_CONVERSION = YES_AGGRESSIVE;
				CLANG_CXX_LANGUAGE_STANDARD = "gnu++20";
				CLANG_ENABLE_MODULES = YES;
				CLANG_ENABLE_OBJC_ARC = YES;
				CLANG_ENABLE_OBJC_WEAK = YES;
				CLANG_WARN_BLOCK_CAPTURE_AUTORELEASING = YES;
				CLANG_WARN_BOOL_CONVERSION = YES;
				CLANG_WARN_COMMA = YES;
				CLANG_WARN_CONSTANT_CONVERSION = YES;
				CLANG_WARN_DEPRECATED_OBJC_IMPLEMENTATIONS = YES;
				CLANG_WARN_DIRECT_OBJC_ISA_USAGE = YES_ERROR;
				CLANG_WARN_DOCUMENTATION_COMMENTS = YES;
				CLANG_WARN_EMPTY_BODY = YES;
				CLANG_WARN_ENUM_CONVERSION = YES;
				CLANG_WARN_INFINITE_RECURSION = YES;
				CLANG_WARN_INT_CONVERSION = YES;
				CLANG_WARN_NON_LITERAL_NULL_CONVERSION = YES;
				CLANG_WARN_OBJC_IMPLICIT_RETAIN_SELF = YES;
				CLANG_WARN_OBJC_LITERAL_CONVERSION = YES;
				CLANG_WARN_OBJC_ROOT_CLASS = YES_ERROR;
				CLANG_WARN_QUOTED_INCLUDE_IN_FRAMEWORK_HEADER = YES;
				CLANG_WARN_RANGE_LOOP_ANALYSIS = YES;
				CLANG_WARN_STRICT_PROTOTYPES = YES;
				CLANG_WARN_SUSPICIOUS_MOVE = YES;
				CLANG_WARN_UNGUARDED_AVAILABILITY = YES_AGGRESSIVE;
				CLANG_WARN_UNREACHABLE_CODE = YES;
				CLANG_WARN__DUPLICATE_METHOD_MATCH = YES;
				COPY_PHASE_STRIP = NO;
				DEBUG_INFORMATION_FORMAT = "dwarf-with-dsym";
				ENABLE_NS_ASSERTIONS = NO;
				ENABLE_STRICT_OBJC_MSGSEND = YES;
				ENABLE_USER_SCRIPT_SANDBOXING = YES;
				GCC_C_LANGUAGE_STANDARD = gnu17;
				GCC_NO_COMMON_BLOCKS = YES;
				GCC_WARN_64_TO_32_BIT_CONVERSION = YES;
				GCC_WARN_ABOUT_RETURN_TYPE = YES_ERROR;
				GCC_WARN_UNDECLARED_SELECTOR = YES;
				GCC_WARN_UNINITIALIZED_AUTOS = YES_AGGRESSIVE;
				GCC_WARN_UNUSED_FUNCTION = YES;
				GCC_WARN_UNUSED_VARIABLE = YES;
				LOCALIZATION_PREFERS_STRING_CATALOGS = YES;
				MACOSX_DEPLOYMENT_TARGET = 15.0;
				MTL_ENABLE_DEBUG_INFO = NO;
				MTL_FAST_MATH = YES;
				SDKROOT = macosx;
				SWIFT_COMPILATION_MODE = wholemodule;
			};
			name = Release;
		};
		8F5B40922CACD6F70045DC5F /* Debug */ = {
			isa = XCBuildConfiguration;
			buildSettings = {
				ASSETCATALOG_COMPILER_APPICON_NAME = AppIcon;
				ASSETCATALOG_COMPILER_GLOBAL_ACCENT_COLOR_NAME = AccentColor;
				CODE_SIGN_ENTITLEMENTS = CarbonMonitor/CarbonMonitor.entitlements;
				CODE_SIGN_STYLE = Automatic;
				COMBINE_HIDPI_IMAGES = YES;
				CURRENT_PROJECT_VERSION = 1;
				DEVELOPMENT_ASSET_PATHS = "\"CarbonMonitor/Preview Content\"";
				DEVELOPMENT_TEAM = HV2UL3795G;
				ENABLE_HARDENED_RUNTIME = YES;
				ENABLE_PREVIEWS = YES;
				GENERATE_INFOPLIST_FILE = YES;
				INFOPLIST_KEY_NSHumanReadableCopyright = "";
				LD_RUNPATH_SEARCH_PATHS = (
					"$(inherited)",
					"@executable_path/../Frameworks",
				);
				MARKETING_VERSION = 1.0;
				PRODUCT_BUNDLE_IDENTIFIER = com.breitburg.CarbonMonitor;
				PRODUCT_NAME = "$(TARGET_NAME)";
				SWIFT_EMIT_LOC_STRINGS = YES;
				SWIFT_VERSION = 5.0;
			};
			name = Debug;
		};
		8F5B40932CACD6F70045DC5F /* Release */ = {
			isa = XCBuildConfiguration;
			buildSettings = {
				ASSETCATALOG_COMPILER_APPICON_NAME = AppIcon;
				ASSETCATALOG_COMPILER_GLOBAL_ACCENT_COLOR_NAME = AccentColor;
				CODE_SIGN_ENTITLEMENTS = CarbonMonitor/CarbonMonitor.entitlements;
				CODE_SIGN_STYLE = Automatic;
				COMBINE_HIDPI_IMAGES = YES;
				CURRENT_PROJECT_VERSION = 1;
				DEVELOPMENT_ASSET_PATHS = "\"CarbonMonitor/Preview Content\"";
				DEVELOPMENT_TEAM = HV2UL3795G;
				ENABLE_HARDENED_RUNTIME = YES;
				ENABLE_PREVIEWS = YES;
				GENERATE_INFOPLIST_FILE = YES;
				INFOPLIST_KEY_NSHumanReadableCopyright = "";
				LD_RUNPATH_SEARCH_PATHS = (
					"$(inherited)",
					"@executable_path/../Frameworks",
				);
				MARKETING_VERSION = 1.0;
				PRODUCT_BUNDLE_IDENTIFIER = com.breitburg.CarbonMonitor;
				PRODUCT_NAME = "$(TARGET_NAME)";
				SWIFT_EMIT_LOC_STRINGS = YES;
				SWIFT_VERSION = 5.0;
			};
			name = Release;
		};
		8F5B40952CACD6F70045DC5F /* Debug */ = {
			isa = XCBuildConfiguration;
			buildSettings = {
				BUNDLE_LOADER = "$(TEST_HOST)";
				CODE_SIGN_STYLE = Automatic;
				CURRENT_PROJECT_VERSION = 1;
				DEVELOPMENT_TEAM = HV2UL3795G;
				GENERATE_INFOPLIST_FILE = YES;
				MACOSX_DEPLOYMENT_TARGET = 15.0;
				MARKETING_VERSION = 1.0;
				PRODUCT_BUNDLE_IDENTIFIER = com.breitburg.CarbonMonitorTests;
				PRODUCT_NAME = "$(TARGET_NAME)";
				SWIFT_EMIT_LOC_STRINGS = NO;
				SWIFT_VERSION = 5.0;
				TEST_HOST = "$(BUILT_PRODUCTS_DIR)/CarbonMonitor.app/$(BUNDLE_EXECUTABLE_FOLDER_PATH)/CarbonMonitor";
			};
			name = Debug;
		};
		8F5B40962CACD6F70045DC5F /* Release */ = {
			isa = XCBuildConfiguration;
			buildSettings = {
				BUNDLE_LOADER = "$(TEST_HOST)";
				CODE_SIGN_STYLE = Automatic;
				CURRENT_PROJECT_VERSION = 1;
				DEVELOPMENT_TEAM = HV2UL3795G;
				GENERATE_INFOPLIST_FILE = YES;
				MACOSX_DEPLOYMENT_TARGET = 15.0;
				MARKETING_VERSION = 1.0;
				PRODUCT_BUNDLE_IDENTIFIER = com.breitburg.CarbonMonitorTests;
				PRODUCT_NAME = "$(TARGET_NAME)";
				SWIFT_EMIT_LOC_STRINGS = NO;
				SWIFT_VERSION = 5.0;
				TEST_HOST = "$(BUILT_PRODUCTS_DIR)/CarbonMonitor.app/$(BUNDLE_EXECUTABLE_FOLDER_PATH)/CarbonMonitor";
			};
			name = Release;
		};
		8F5B40982CACD6F70045DC5F /* Debug */ = {
			isa = XCBuildConfiguration;
			buildSettings = {
				CODE_SIGN_STYLE = Automatic;
				CURRENT_PROJECT_VERSION = 1;
				DEVELOPMENT_TEAM = HV2UL3795G;
				GENERATE_INFOPLIST_FILE = YES;
				MARKETING_VERSION = 1.0;
				PRODUCT_BUNDLE_IDENTIFIER = com.breitburg.CarbonMonitorUITests;
				PRODUCT_NAME = "$(TARGET_NAME)";
				SWIFT_EMIT_LOC_STRINGS = NO;
				SWIFT_VERSION = 5.0;
				TEST_TARGET_NAME = CarbonMonitor;
			};
			name = Debug;
		};
		8F5B40992CACD6F70045DC5F /* Release */ = {
			isa = XCBuildConfiguration;
			buildSettings = {
				CODE_SIGN_STYLE = Automatic;
				CURRENT_PROJECT_VERSION = 1;
				DEVELOPMENT_TEAM = HV2UL3795G;
				GENERATE_INFOPLIST_FILE = YES;
				MARKETING_VERSION = 1.0;
				PRODUCT_BUNDLE_IDENTIFIER = com.breitburg.CarbonMonitorUITests;
				PRODUCT_NAME = "$(TARGET_NAME)";
				SWIFT_EMIT_LOC_STRINGS = NO;
				SWIFT_VERSION = 5.0;
				TEST_TARGET_NAME = CarbonMonitor;
			};
			name = Release;
		};
/* End XCBuildConfiguration section */

/* Begin XCConfigurationList section */
		8F5B40672CACD6F40045DC5F /* Build configuration list for PBXProject "CarbonMonitor" */ = {
			isa = XCConfigurationList;
			buildConfigurations = (
				8F5B408F2CACD6F70045DC5F /* Debug */,
				8F5B40902CACD6F70045DC5F /* Release */,
			);
			defaultConfigurationIsVisible = 0;
			defaultConfigurationName = Release;
		};
		8F5B40912CACD6F70045DC5F /* Build configuration list for PBXNativeTarget "CarbonMonitor" */ = {
			isa = XCConfigurationList;
			buildConfigurations = (
				8F5B40922CACD6F70045DC5F /* Debug */,
				8F5B40932CACD6F70045DC5F /* Release */,
			);
			defaultConfigurationIsVisible = 0;
			defaultConfigurationName = Release;
		};
		8F5B40942CACD6F70045DC5F /* Build configuration list for PBXNativeTarget "CarbonMonitorTests" */ = {
			isa = XCConfigurationList;
			buildConfigurations = (
				8F5B40952CACD6F70045DC5F /* Debug */,
				8F5B40962CACD6F70045DC5F /* Release */,
			);
			defaultConfigurationIsVisible = 0;
			defaultConfigurationName = Release;
		};
		8F5B40972CACD6F70045DC5F /* Build configuration list for PBXNativeTarget "CarbonMonitorUITests" */ = {
			isa = XCConfigurationList;
			buildConfigurations = (
				8F5B40982CACD6F70045DC5F /* Debug */,
				8F5B40992CACD6F70045DC5F /* Release */,
			);
			defaultConfigurationIsVisible = 0;
			defaultConfigurationName = Release;
		};
/* End XCConfigurationList section */
	};
	rootObject = 8F5B40642CACD6F40045DC5F /* Project object */;
}
